
Microsoft Visual Studio Solution File, Format Version 12.00
# Visual Studio Version 16
VisualStudioVersion = 25.0.1704.0
MinimumVisualStudioVersion = 10.0.40219.1
Project("{FAE04EC0-301F-11D3-BF4B-00C04F79EFBC}") = "Flyweight_DP", "Flyweight_DP\Flyweight_DP.csproj", "{A5C89C7B-D229-4A9F-ACF8-C961E82B6056}"
EndProject
Global
	GlobalSection(SolutionConfigurationPlatforms) = preSolution
		Debug|Any CPU = Debug|Any CPU
		Release|Any CPU = Release|Any CPU
	EndGlobalSection
	GlobalSection(ProjectConfigurationPlatforms) = postSolution
		{A5C89C7B-D229-4A9F-ACF8-C961E82B6056}.Debug|Any CPU.ActiveCfg = Debug|Any CPU
		{A5C89C7B-D229-4A9F-ACF8-C961E82B6056}.Debug|Any CPU.Build.0 = Debug|Any CPU
		{A5C89C7B-D229-4A9F-ACF8-C961E82B6056}.Release|Any CPU.ActiveCfg = Release|Any CPU
		{A5C89C7B-D229-4A9F-ACF8-C961E82B6056}.Release|Any CPU.Build.0 = Release|Any CPU
	EndGlobalSection
	GlobalSection(SolutionProperties) = preSolution
		HideSolutionNode = FALSE
	EndGlobalSection
	GlobalSection(ExtensibilityGlobals) = postSolution
		SolutionGuid = {34DB80C7-9EC9-4658-BCBC-C8285D580250}
	EndGlobalSection
EndGlobal
