
Microsoft Visual Studio Solution File, Format Version 12.00
# Visual Studio Version 16
VisualStudioVersion = 25.0.1704.0
MinimumVisualStudioVersion = 10.0.40219.1
Project("{FAE04EC0-301F-11D3-BF4B-00C04F79EFBC}") = "Facade_DP", "Facade_DP.csproj", "{4E3D7CC8-0148-464D-8546-9D4583E53818}"
EndProject
Global
	GlobalSection(SolutionConfigurationPlatforms) = preSolution
		Debug|Any CPU = Debug|Any CPU
		Release|Any CPU = Release|Any CPU
	EndGlobalSection
	GlobalSection(ProjectConfigurationPlatforms) = postSolution
		{4E3D7CC8-0148-464D-8546-9D4583E53818}.Debug|Any CPU.ActiveCfg = Debug|Any CPU
		{4E3D7CC8-0148-464D-8546-9D4583E53818}.Debug|Any CPU.Build.0 = Debug|Any CPU
		{4E3D7CC8-0148-464D-8546-9D4583E53818}.Release|Any CPU.ActiveCfg = Release|Any CPU
		{4E3D7CC8-0148-464D-8546-9D4583E53818}.Release|Any CPU.Build.0 = Release|Any CPU
	EndGlobalSection
	GlobalSection(SolutionProperties) = preSolution
		HideSolutionNode = FALSE
	EndGlobalSection
	GlobalSection(ExtensibilityGlobals) = postSolution
		SolutionGuid = {3E7CCB7B-6788-4BDD-B846-71C39BF7F1E5}
	EndGlobalSection
EndGlobal
