
Microsoft Visual Studio Solution File, Format Version 12.00
# Visual Studio Version 16
VisualStudioVersion = 25.0.1704.0
MinimumVisualStudioVersion = 10.0.40219.1
Project("{FAE04EC0-301F-11D3-BF4B-00C04F79EFBC}") = "Adapter_DP", "Adapter_DP.csproj", "{7E0A47C0-3F52-448A-A179-B4038F1AFB59}"
EndProject
Global
	GlobalSection(SolutionConfigurationPlatforms) = preSolution
		Debug|Any CPU = Debug|Any CPU
		Release|Any CPU = Release|Any CPU
	EndGlobalSection
	GlobalSection(ProjectConfigurationPlatforms) = postSolution
		{7E0A47C0-3F52-448A-A179-B4038F1AFB59}.Debug|Any CPU.ActiveCfg = Debug|Any CPU
		{7E0A47C0-3F52-448A-A179-B4038F1AFB59}.Debug|Any CPU.Build.0 = Debug|Any CPU
		{7E0A47C0-3F52-448A-A179-B4038F1AFB59}.Release|Any CPU.ActiveCfg = Release|Any CPU
		{7E0A47C0-3F52-448A-A179-B4038F1AFB59}.Release|Any CPU.Build.0 = Release|Any CPU
	EndGlobalSection
	GlobalSection(SolutionProperties) = preSolution
		HideSolutionNode = FALSE
	EndGlobalSection
	GlobalSection(ExtensibilityGlobals) = postSolution
		SolutionGuid = {11B683F9-BE73-4FCA-AF21-2424962A39D0}
	EndGlobalSection
EndGlobal
