
Microsoft Visual Studio Solution File, Format Version 12.00
# Visual Studio Version 16
VisualStudioVersion = 25.0.1704.0
MinimumVisualStudioVersion = 10.0.40219.1
Project("{FAE04EC0-301F-11D3-BF4B-00C04F79EFBC}") = "Decorator_DP", "Decorator_DP.csproj", "{0CB8737F-29EF-4F44-A94B-C5B7D256839D}"
EndProject
Global
	GlobalSection(SolutionConfigurationPlatforms) = preSolution
		Debug|Any CPU = Debug|Any CPU
		Release|Any CPU = Release|Any CPU
	EndGlobalSection
	GlobalSection(ProjectConfigurationPlatforms) = postSolution
		{0CB8737F-29EF-4F44-A94B-C5B7D256839D}.Debug|Any CPU.ActiveCfg = Debug|Any CPU
		{0CB8737F-29EF-4F44-A94B-C5B7D256839D}.Debug|Any CPU.Build.0 = Debug|Any CPU
		{0CB8737F-29EF-4F44-A94B-C5B7D256839D}.Release|Any CPU.ActiveCfg = Release|Any CPU
		{0CB8737F-29EF-4F44-A94B-C5B7D256839D}.Release|Any CPU.Build.0 = Release|Any CPU
	EndGlobalSection
	GlobalSection(SolutionProperties) = preSolution
		HideSolutionNode = FALSE
	EndGlobalSection
	GlobalSection(ExtensibilityGlobals) = postSolution
		SolutionGuid = {EE7D8646-0A3A-4335-8942-5B20806AC74A}
	EndGlobalSection
EndGlobal
