
Microsoft Visual Studio Solution File, Format Version 12.00
# Visual Studio Version 16
VisualStudioVersion = 25.0.1704.0
MinimumVisualStudioVersion = 10.0.40219.1
Project("{FAE04EC0-301F-11D3-BF4B-00C04F79EFBC}") = "Bridge_DP", "Bridge_DP.csproj", "{27A2422A-E687-4664-8F3C-B79F7C54A6FE}"
EndProject
Global
	GlobalSection(SolutionConfigurationPlatforms) = preSolution
		Debug|Any CPU = Debug|Any CPU
		Release|Any CPU = Release|Any CPU
	EndGlobalSection
	GlobalSection(ProjectConfigurationPlatforms) = postSolution
		{27A2422A-E687-4664-8F3C-B79F7C54A6FE}.Debug|Any CPU.ActiveCfg = Debug|Any CPU
		{27A2422A-E687-4664-8F3C-B79F7C54A6FE}.Debug|Any CPU.Build.0 = Debug|Any CPU
		{27A2422A-E687-4664-8F3C-B79F7C54A6FE}.Release|Any CPU.ActiveCfg = Release|Any CPU
		{27A2422A-E687-4664-8F3C-B79F7C54A6FE}.Release|Any CPU.Build.0 = Release|Any CPU
	EndGlobalSection
	GlobalSection(SolutionProperties) = preSolution
		HideSolutionNode = FALSE
	EndGlobalSection
	GlobalSection(ExtensibilityGlobals) = postSolution
		SolutionGuid = {D9114DAE-1859-4C0D-9752-25A674A2ED0E}
	EndGlobalSection
EndGlobal
